
Microsoft Visual Studio Solution File, Format Version 12.00
# Visual Studio Version 17
VisualStudioVersion = 17.0.31903.59
MinimumVisualStudioVersion = 10.0.40219.1
Project("{2150E333-8FDC-42A3-9474-1A3956D46DE8}") = "src", "src", "{827E0CD3-B72D-47B6-A68D-7590B98EB39B}"
EndProject
Project("{FAE04EC0-301F-11D3-BF4B-00C04F79EFBC}") = "TechWayFit.ContentOS.Abstractions", "src\TechWayFit.ContentOS.Abstractions\TechWayFit.ContentOS.Abstractions.csproj", "{D0CDFE33-4374-4D31-86E0-C45E2D1768E0}"
EndProject
Project("{FAE04EC0-301F-11D3-BF4B-00C04F79EFBC}") = "TechWayFit.ContentOS.Contracts", "src\TechWayFit.ContentOS.Contracts\TechWayFit.ContentOS.Contracts.csproj", "{5A7F3E02-6C29-42AF-88F2-47C151A1DD58}"
EndProject
Project("{FAE04EC0-301F-11D3-BF4B-00C04F79EFBC}") = "TechWayFit.ContentOS.Kernel", "src\TechWayFit.ContentOS.Kernel\TechWayFit.ContentOS.Kernel.csproj", "{74F58E1D-7194-4C26-9E6A-1A79458E4C09}"
EndProject
Project("{FAE04EC0-301F-11D3-BF4B-00C04F79EFBC}") = "TechWayFit.ContentOS.Content", "src\TechWayFit.ContentOS.Content\TechWayFit.ContentOS.Content.csproj", "{00BD81FB-2C8A-449D-8E46-D3689611DCFB}"
EndProject
Project("{FAE04EC0-301F-11D3-BF4B-00C04F79EFBC}") = "TechWayFit.ContentOS.Workflow", "src\TechWayFit.ContentOS.Workflow\TechWayFit.ContentOS.Workflow.csproj", "{C13DA0A6-E2C7-47C5-A04F-F6EE60FA1A23}"
EndProject
Project("{FAE04EC0-301F-11D3-BF4B-00C04F79EFBC}") = "TechWayFit.ContentOS.Media", "src\TechWayFit.ContentOS.Media\TechWayFit.ContentOS.Media.csproj", "{5A49989F-1934-49E5-BCC5-D1A91BABF8C4}"
EndProject
Project("{FAE04EC0-301F-11D3-BF4B-00C04F79EFBC}") = "TechWayFit.ContentOS.Search", "src\TechWayFit.ContentOS.Search\TechWayFit.ContentOS.Search.csproj", "{DE20A3F8-3FCD-4B5D-AB5A-3A83F1A121CE}"
EndProject
Project("{FAE04EC0-301F-11D3-BF4B-00C04F79EFBC}") = "TechWayFit.ContentOS.AI", "src\TechWayFit.ContentOS.AI\TechWayFit.ContentOS.AI.csproj", "{6BEE30F6-F82B-4416-99B7-D3ED9AA4F56F}"
EndProject
Project("{FAE04EC0-301F-11D3-BF4B-00C04F79EFBC}") = "TechWayFit.ContentOS.Api", "src\TechWayFit.ContentOS.Api\TechWayFit.ContentOS.Api.csproj", "{4C84BB75-A40F-473F-9793-FB588D82A259}"
EndProject
Project("{2150E333-8FDC-42A3-9474-1A3956D46DE8}") = "tests", "tests", "{0AB3BF05-4346-4AA6-1389-037BE0695223}"
EndProject
Project("{FAE04EC0-301F-11D3-BF4B-00C04F79EFBC}") = "TechWayFit.ContentOS.Abstractions.Tests", "tests\TechWayFit.ContentOS.Abstractions.Tests\TechWayFit.ContentOS.Abstractions.Tests.csproj", "{A5E66251-81EA-442E-8C1E-17C292CB7F2F}"
EndProject
Project("{FAE04EC0-301F-11D3-BF4B-00C04F79EFBC}") = "TechWayFit.ContentOS.Contracts.Tests", "tests\TechWayFit.ContentOS.Contracts.Tests\TechWayFit.ContentOS.Contracts.Tests.csproj", "{522FE43D-B949-4634-817D-A4188A58FD2A}"
EndProject
Project("{FAE04EC0-301F-11D3-BF4B-00C04F79EFBC}") = "TechWayFit.ContentOS.Kernel.Tests", "tests\TechWayFit.ContentOS.Kernel.Tests\TechWayFit.ContentOS.Kernel.Tests.csproj", "{95E61B46-2E2A-4436-B434-7A84111624C7}"
EndProject
Project("{FAE04EC0-301F-11D3-BF4B-00C04F79EFBC}") = "TechWayFit.ContentOS.Content.Tests", "tests\TechWayFit.ContentOS.Content.Tests\TechWayFit.ContentOS.Content.Tests.csproj", "{F0CE6007-D173-4F32-8EAA-CBE540921F1D}"
EndProject
Project("{FAE04EC0-301F-11D3-BF4B-00C04F79EFBC}") = "TechWayFit.ContentOS.Workflow.Tests", "tests\TechWayFit.ContentOS.Workflow.Tests\TechWayFit.ContentOS.Workflow.Tests.csproj", "{FE1A9C6F-D4AF-41F4-831F-C5FA58F4CA4F}"
EndProject
Project("{FAE04EC0-301F-11D3-BF4B-00C04F79EFBC}") = "TechWayFit.ContentOS.Media.Tests", "tests\TechWayFit.ContentOS.Media.Tests\TechWayFit.ContentOS.Media.Tests.csproj", "{0AF5D57F-D621-4F4C-9B1E-948BBAA288F7}"
EndProject
Project("{FAE04EC0-301F-11D3-BF4B-00C04F79EFBC}") = "TechWayFit.ContentOS.Search.Tests", "tests\TechWayFit.ContentOS.Search.Tests\TechWayFit.ContentOS.Search.Tests.csproj", "{332850E7-94A5-4076-B8B9-935ABDE4378C}"
EndProject
Project("{FAE04EC0-301F-11D3-BF4B-00C04F79EFBC}") = "TechWayFit.ContentOS.AI.Tests", "tests\TechWayFit.ContentOS.AI.Tests\TechWayFit.ContentOS.AI.Tests.csproj", "{999D3E89-0442-4CAE-A2A8-6E9489DD77C0}"
EndProject
Project("{FAE04EC0-301F-11D3-BF4B-00C04F79EFBC}") = "TechWayFit.ContentOS.Api.Tests", "tests\TechWayFit.ContentOS.Api.Tests\TechWayFit.ContentOS.Api.Tests.csproj", "{D2813C16-0813-45F9-B00F-796C3D8A79F6}"
EndProject
Project("{FAE04EC0-301F-11D3-BF4B-00C04F79EFBC}") = "TechWayFit.ContentOS.Infrastructure.Persistence", "src\TechWayFit.ContentOS.Infrastructure.Persistence\TechWayFit.ContentOS.Infrastructure.Persistence.csproj", "{DC12BEE2-E1B6-4DCF-ABF9-4948D4502EA4}"
EndProject
Project("{FAE04EC0-301F-11D3-BF4B-00C04F79EFBC}") = "TechWayFit.ContentOS.Infrastructure.Storage", "src\TechWayFit.ContentOS.Infrastructure.Storage\TechWayFit.ContentOS.Infrastructure.Storage.csproj", "{64E1DD3D-CBA0-4D86-A34B-511B833E3035}"
EndProject
Project("{FAE04EC0-301F-11D3-BF4B-00C04F79EFBC}") = "TechWayFit.ContentOS.Infrastructure.Search", "src\TechWayFit.ContentOS.Infrastructure.Search\TechWayFit.ContentOS.Infrastructure.Search.csproj", "{DC29A364-7D79-41B7-9CBC-4BBC40AA9E76}"
EndProject
Project("{FAE04EC0-301F-11D3-BF4B-00C04F79EFBC}") = "TechWayFit.ContentOS.Infrastructure.Identity", "src\TechWayFit.ContentOS.Infrastructure.Identity\TechWayFit.ContentOS.Infrastructure.Identity.csproj", "{ECD95502-C71D-4D0B-9EB8-CE51278AB5C4}"
EndProject
Project("{FAE04EC0-301F-11D3-BF4B-00C04F79EFBC}") = "TechWayFit.ContentOS.Infrastructure.Persistence.Postgres", "src\TechWayFit.ContentOS.Infrastructure.Persistence.Postgres\TechWayFit.ContentOS.Infrastructure.Persistence.Postgres.csproj", "{D94B1639-9C84-4601-ABE3-7C063BF4F214}"
EndProject
Global
	GlobalSection(SolutionConfigurationPlatforms) = preSolution
		Debug|Any CPU = Debug|Any CPU
		Debug|x64 = Debug|x64
		Debug|x86 = Debug|x86
		Release|Any CPU = Release|Any CPU
		Release|x64 = Release|x64
		Release|x86 = Release|x86
	EndGlobalSection
	GlobalSection(ProjectConfigurationPlatforms) = postSolution
		{D0CDFE33-4374-4D31-86E0-C45E2D1768E0}.Debug|Any CPU.ActiveCfg = Debug|Any CPU
		{D0CDFE33-4374-4D31-86E0-C45E2D1768E0}.Debug|Any CPU.Build.0 = Debug|Any CPU
		{D0CDFE33-4374-4D31-86E0-C45E2D1768E0}.Debug|x64.ActiveCfg = Debug|Any CPU
		{D0CDFE33-4374-4D31-86E0-C45E2D1768E0}.Debug|x64.Build.0 = Debug|Any CPU
		{D0CDFE33-4374-4D31-86E0-C45E2D1768E0}.Debug|x86.ActiveCfg = Debug|Any CPU
		{D0CDFE33-4374-4D31-86E0-C45E2D1768E0}.Debug|x86.Build.0 = Debug|Any CPU
		{D0CDFE33-4374-4D31-86E0-C45E2D1768E0}.Release|Any CPU.ActiveCfg = Release|Any CPU
		{D0CDFE33-4374-4D31-86E0-C45E2D1768E0}.Release|Any CPU.Build.0 = Release|Any CPU
		{D0CDFE33-4374-4D31-86E0-C45E2D1768E0}.Release|x64.ActiveCfg = Release|Any CPU
		{D0CDFE33-4374-4D31-86E0-C45E2D1768E0}.Release|x64.Build.0 = Release|Any CPU
		{D0CDFE33-4374-4D31-86E0-C45E2D1768E0}.Release|x86.ActiveCfg = Release|Any CPU
		{D0CDFE33-4374-4D31-86E0-C45E2D1768E0}.Release|x86.Build.0 = Release|Any CPU
		{5A7F3E02-6C29-42AF-88F2-47C151A1DD58}.Debug|Any CPU.ActiveCfg = Debug|Any CPU
		{5A7F3E02-6C29-42AF-88F2-47C151A1DD58}.Debug|Any CPU.Build.0 = Debug|Any CPU
		{5A7F3E02-6C29-42AF-88F2-47C151A1DD58}.Debug|x64.ActiveCfg = Debug|Any CPU
		{5A7F3E02-6C29-42AF-88F2-47C151A1DD58}.Debug|x64.Build.0 = Debug|Any CPU
		{5A7F3E02-6C29-42AF-88F2-47C151A1DD58}.Debug|x86.ActiveCfg = Debug|Any CPU
		{5A7F3E02-6C29-42AF-88F2-47C151A1DD58}.Debug|x86.Build.0 = Debug|Any CPU
		{5A7F3E02-6C29-42AF-88F2-47C151A1DD58}.Release|Any CPU.ActiveCfg = Release|Any CPU
		{5A7F3E02-6C29-42AF-88F2-47C151A1DD58}.Release|Any CPU.Build.0 = Release|Any CPU
		{5A7F3E02-6C29-42AF-88F2-47C151A1DD58}.Release|x64.ActiveCfg = Release|Any CPU
		{5A7F3E02-6C29-42AF-88F2-47C151A1DD58}.Release|x64.Build.0 = Release|Any CPU
		{5A7F3E02-6C29-42AF-88F2-47C151A1DD58}.Release|x86.ActiveCfg = Release|Any CPU
		{5A7F3E02-6C29-42AF-88F2-47C151A1DD58}.Release|x86.Build.0 = Release|Any CPU
		{74F58E1D-7194-4C26-9E6A-1A79458E4C09}.Debug|Any CPU.ActiveCfg = Debug|Any CPU
		{74F58E1D-7194-4C26-9E6A-1A79458E4C09}.Debug|Any CPU.Build.0 = Debug|Any CPU
		{74F58E1D-7194-4C26-9E6A-1A79458E4C09}.Debug|x64.ActiveCfg = Debug|Any CPU
		{74F58E1D-7194-4C26-9E6A-1A79458E4C09}.Debug|x64.Build.0 = Debug|Any CPU
		{74F58E1D-7194-4C26-9E6A-1A79458E4C09}.Debug|x86.ActiveCfg = Debug|Any CPU
		{74F58E1D-7194-4C26-9E6A-1A79458E4C09}.Debug|x86.Build.0 = Debug|Any CPU
		{74F58E1D-7194-4C26-9E6A-1A79458E4C09}.Release|Any CPU.ActiveCfg = Release|Any CPU
		{74F58E1D-7194-4C26-9E6A-1A79458E4C09}.Release|Any CPU.Build.0 = Release|Any CPU
		{74F58E1D-7194-4C26-9E6A-1A79458E4C09}.Release|x64.ActiveCfg = Release|Any CPU
		{74F58E1D-7194-4C26-9E6A-1A79458E4C09}.Release|x64.Build.0 = Release|Any CPU
		{74F58E1D-7194-4C26-9E6A-1A79458E4C09}.Release|x86.ActiveCfg = Release|Any CPU
		{74F58E1D-7194-4C26-9E6A-1A79458E4C09}.Release|x86.Build.0 = Release|Any CPU
		{00BD81FB-2C8A-449D-8E46-D3689611DCFB}.Debug|Any CPU.ActiveCfg = Debug|Any CPU
		{00BD81FB-2C8A-449D-8E46-D3689611DCFB}.Debug|Any CPU.Build.0 = Debug|Any CPU
		{00BD81FB-2C8A-449D-8E46-D3689611DCFB}.Debug|x64.ActiveCfg = Debug|Any CPU
		{00BD81FB-2C8A-449D-8E46-D3689611DCFB}.Debug|x64.Build.0 = Debug|Any CPU
		{00BD81FB-2C8A-449D-8E46-D3689611DCFB}.Debug|x86.ActiveCfg = Debug|Any CPU
		{00BD81FB-2C8A-449D-8E46-D3689611DCFB}.Debug|x86.Build.0 = Debug|Any CPU
		{00BD81FB-2C8A-449D-8E46-D3689611DCFB}.Release|Any CPU.ActiveCfg = Release|Any CPU
		{00BD81FB-2C8A-449D-8E46-D3689611DCFB}.Release|Any CPU.Build.0 = Release|Any CPU
		{00BD81FB-2C8A-449D-8E46-D3689611DCFB}.Release|x64.ActiveCfg = Release|Any CPU
		{00BD81FB-2C8A-449D-8E46-D3689611DCFB}.Release|x64.Build.0 = Release|Any CPU
		{00BD81FB-2C8A-449D-8E46-D3689611DCFB}.Release|x86.ActiveCfg = Release|Any CPU
		{00BD81FB-2C8A-449D-8E46-D3689611DCFB}.Release|x86.Build.0 = Release|Any CPU
		{C13DA0A6-E2C7-47C5-A04F-F6EE60FA1A23}.Debug|Any CPU.ActiveCfg = Debug|Any CPU
		{C13DA0A6-E2C7-47C5-A04F-F6EE60FA1A23}.Debug|Any CPU.Build.0 = Debug|Any CPU
		{C13DA0A6-E2C7-47C5-A04F-F6EE60FA1A23}.Debug|x64.ActiveCfg = Debug|Any CPU
		{C13DA0A6-E2C7-47C5-A04F-F6EE60FA1A23}.Debug|x64.Build.0 = Debug|Any CPU
		{C13DA0A6-E2C7-47C5-A04F-F6EE60FA1A23}.Debug|x86.ActiveCfg = Debug|Any CPU
		{C13DA0A6-E2C7-47C5-A04F-F6EE60FA1A23}.Debug|x86.Build.0 = Debug|Any CPU
		{C13DA0A6-E2C7-47C5-A04F-F6EE60FA1A23}.Release|Any CPU.ActiveCfg = Release|Any CPU
		{C13DA0A6-E2C7-47C5-A04F-F6EE60FA1A23}.Release|Any CPU.Build.0 = Release|Any CPU
		{C13DA0A6-E2C7-47C5-A04F-F6EE60FA1A23}.Release|x64.ActiveCfg = Release|Any CPU
		{C13DA0A6-E2C7-47C5-A04F-F6EE60FA1A23}.Release|x64.Build.0 = Release|Any CPU
		{C13DA0A6-E2C7-47C5-A04F-F6EE60FA1A23}.Release|x86.ActiveCfg = Release|Any CPU
		{C13DA0A6-E2C7-47C5-A04F-F6EE60FA1A23}.Release|x86.Build.0 = Release|Any CPU
		{5A49989F-1934-49E5-BCC5-D1A91BABF8C4}.Debug|Any CPU.ActiveCfg = Debug|Any CPU
		{5A49989F-1934-49E5-BCC5-D1A91BABF8C4}.Debug|Any CPU.Build.0 = Debug|Any CPU
		{5A49989F-1934-49E5-BCC5-D1A91BABF8C4}.Debug|x64.ActiveCfg = Debug|Any CPU
		{5A49989F-1934-49E5-BCC5-D1A91BABF8C4}.Debug|x64.Build.0 = Debug|Any CPU
		{5A49989F-1934-49E5-BCC5-D1A91BABF8C4}.Debug|x86.ActiveCfg = Debug|Any CPU
		{5A49989F-1934-49E5-BCC5-D1A91BABF8C4}.Debug|x86.Build.0 = Debug|Any CPU
		{5A49989F-1934-49E5-BCC5-D1A91BABF8C4}.Release|Any CPU.ActiveCfg = Release|Any CPU
		{5A49989F-1934-49E5-BCC5-D1A91BABF8C4}.Release|Any CPU.Build.0 = Release|Any CPU
		{5A49989F-1934-49E5-BCC5-D1A91BABF8C4}.Release|x64.ActiveCfg = Release|Any CPU
		{5A49989F-1934-49E5-BCC5-D1A91BABF8C4}.Release|x64.Build.0 = Release|Any CPU
		{5A49989F-1934-49E5-BCC5-D1A91BABF8C4}.Release|x86.ActiveCfg = Release|Any CPU
		{5A49989F-1934-49E5-BCC5-D1A91BABF8C4}.Release|x86.Build.0 = Release|Any CPU
		{DE20A3F8-3FCD-4B5D-AB5A-3A83F1A121CE}.Debug|Any CPU.ActiveCfg = Debug|Any CPU
		{DE20A3F8-3FCD-4B5D-AB5A-3A83F1A121CE}.Debug|Any CPU.Build.0 = Debug|Any CPU
		{DE20A3F8-3FCD-4B5D-AB5A-3A83F1A121CE}.Debug|x64.ActiveCfg = Debug|Any CPU
		{DE20A3F8-3FCD-4B5D-AB5A-3A83F1A121CE}.Debug|x64.Build.0 = Debug|Any CPU
		{DE20A3F8-3FCD-4B5D-AB5A-3A83F1A121CE}.Debug|x86.ActiveCfg = Debug|Any CPU
		{DE20A3F8-3FCD-4B5D-AB5A-3A83F1A121CE}.Debug|x86.Build.0 = Debug|Any CPU
		{DE20A3F8-3FCD-4B5D-AB5A-3A83F1A121CE}.Release|Any CPU.ActiveCfg = Release|Any CPU
		{DE20A3F8-3FCD-4B5D-AB5A-3A83F1A121CE}.Release|Any CPU.Build.0 = Release|Any CPU
		{DE20A3F8-3FCD-4B5D-AB5A-3A83F1A121CE}.Release|x64.ActiveCfg = Release|Any CPU
		{DE20A3F8-3FCD-4B5D-AB5A-3A83F1A121CE}.Release|x64.Build.0 = Release|Any CPU
		{DE20A3F8-3FCD-4B5D-AB5A-3A83F1A121CE}.Release|x86.ActiveCfg = Release|Any CPU
		{DE20A3F8-3FCD-4B5D-AB5A-3A83F1A121CE}.Release|x86.Build.0 = Release|Any CPU
		{6BEE30F6-F82B-4416-99B7-D3ED9AA4F56F}.Debug|Any CPU.ActiveCfg = Debug|Any CPU
		{6BEE30F6-F82B-4416-99B7-D3ED9AA4F56F}.Debug|Any CPU.Build.0 = Debug|Any CPU
		{6BEE30F6-F82B-4416-99B7-D3ED9AA4F56F}.Debug|x64.ActiveCfg = Debug|Any CPU
		{6BEE30F6-F82B-4416-99B7-D3ED9AA4F56F}.Debug|x64.Build.0 = Debug|Any CPU
		{6BEE30F6-F82B-4416-99B7-D3ED9AA4F56F}.Debug|x86.ActiveCfg = Debug|Any CPU
		{6BEE30F6-F82B-4416-99B7-D3ED9AA4F56F}.Debug|x86.Build.0 = Debug|Any CPU
		{6BEE30F6-F82B-4416-99B7-D3ED9AA4F56F}.Release|Any CPU.ActiveCfg = Release|Any CPU
		{6BEE30F6-F82B-4416-99B7-D3ED9AA4F56F}.Release|Any CPU.Build.0 = Release|Any CPU
		{6BEE30F6-F82B-4416-99B7-D3ED9AA4F56F}.Release|x64.ActiveCfg = Release|Any CPU
		{6BEE30F6-F82B-4416-99B7-D3ED9AA4F56F}.Release|x64.Build.0 = Release|Any CPU
		{6BEE30F6-F82B-4416-99B7-D3ED9AA4F56F}.Release|x86.ActiveCfg = Release|Any CPU
		{6BEE30F6-F82B-4416-99B7-D3ED9AA4F56F}.Release|x86.Build.0 = Release|Any CPU
		{4C84BB75-A40F-473F-9793-FB588D82A259}.Debug|Any CPU.ActiveCfg = Debug|Any CPU
		{4C84BB75-A40F-473F-9793-FB588D82A259}.Debug|Any CPU.Build.0 = Debug|Any CPU
		{4C84BB75-A40F-473F-9793-FB588D82A259}.Debug|x64.ActiveCfg = Debug|Any CPU
		{4C84BB75-A40F-473F-9793-FB588D82A259}.Debug|x64.Build.0 = Debug|Any CPU
		{4C84BB75-A40F-473F-9793-FB588D82A259}.Debug|x86.ActiveCfg = Debug|Any CPU
		{4C84BB75-A40F-473F-9793-FB588D82A259}.Debug|x86.Build.0 = Debug|Any CPU
		{4C84BB75-A40F-473F-9793-FB588D82A259}.Release|Any CPU.ActiveCfg = Release|Any CPU
		{4C84BB75-A40F-473F-9793-FB588D82A259}.Release|Any CPU.Build.0 = Release|Any CPU
		{4C84BB75-A40F-473F-9793-FB588D82A259}.Release|x64.ActiveCfg = Release|Any CPU
		{4C84BB75-A40F-473F-9793-FB588D82A259}.Release|x64.Build.0 = Release|Any CPU
		{4C84BB75-A40F-473F-9793-FB588D82A259}.Release|x86.ActiveCfg = Release|Any CPU
		{4C84BB75-A40F-473F-9793-FB588D82A259}.Release|x86.Build.0 = Release|Any CPU
		{A5E66251-81EA-442E-8C1E-17C292CB7F2F}.Debug|Any CPU.ActiveCfg = Debug|Any CPU
		{A5E66251-81EA-442E-8C1E-17C292CB7F2F}.Debug|Any CPU.Build.0 = Debug|Any CPU
		{A5E66251-81EA-442E-8C1E-17C292CB7F2F}.Debug|x64.ActiveCfg = Debug|Any CPU
		{A5E66251-81EA-442E-8C1E-17C292CB7F2F}.Debug|x64.Build.0 = Debug|Any CPU
		{A5E66251-81EA-442E-8C1E-17C292CB7F2F}.Debug|x86.ActiveCfg = Debug|Any CPU
		{A5E66251-81EA-442E-8C1E-17C292CB7F2F}.Debug|x86.Build.0 = Debug|Any CPU
		{A5E66251-81EA-442E-8C1E-17C292CB7F2F}.Release|Any CPU.ActiveCfg = Release|Any CPU
		{A5E66251-81EA-442E-8C1E-17C292CB7F2F}.Release|Any CPU.Build.0 = Release|Any CPU
		{A5E66251-81EA-442E-8C1E-17C292CB7F2F}.Release|x64.ActiveCfg = Release|Any CPU
		{A5E66251-81EA-442E-8C1E-17C292CB7F2F}.Release|x64.Build.0 = Release|Any CPU
		{A5E66251-81EA-442E-8C1E-17C292CB7F2F}.Release|x86.ActiveCfg = Release|Any CPU
		{A5E66251-81EA-442E-8C1E-17C292CB7F2F}.Release|x86.Build.0 = Release|Any CPU
		{522FE43D-B949-4634-817D-A4188A58FD2A}.Debug|Any CPU.ActiveCfg = Debug|Any CPU
		{522FE43D-B949-4634-817D-A4188A58FD2A}.Debug|Any CPU.Build.0 = Debug|Any CPU
		{522FE43D-B949-4634-817D-A4188A58FD2A}.Debug|x64.ActiveCfg = Debug|Any CPU
		{522FE43D-B949-4634-817D-A4188A58FD2A}.Debug|x64.Build.0 = Debug|Any CPU
		{522FE43D-B949-4634-817D-A4188A58FD2A}.Debug|x86.ActiveCfg = Debug|Any CPU
		{522FE43D-B949-4634-817D-A4188A58FD2A}.Debug|x86.Build.0 = Debug|Any CPU
		{522FE43D-B949-4634-817D-A4188A58FD2A}.Release|Any CPU.ActiveCfg = Release|Any CPU
		{522FE43D-B949-4634-817D-A4188A58FD2A}.Release|Any CPU.Build.0 = Release|Any CPU
		{522FE43D-B949-4634-817D-A4188A58FD2A}.Release|x64.ActiveCfg = Release|Any CPU
		{522FE43D-B949-4634-817D-A4188A58FD2A}.Release|x64.Build.0 = Release|Any CPU
		{522FE43D-B949-4634-817D-A4188A58FD2A}.Release|x86.ActiveCfg = Release|Any CPU
		{522FE43D-B949-4634-817D-A4188A58FD2A}.Release|x86.Build.0 = Release|Any CPU
		{95E61B46-2E2A-4436-B434-7A84111624C7}.Debug|Any CPU.ActiveCfg = Debug|Any CPU
		{95E61B46-2E2A-4436-B434-7A84111624C7}.Debug|Any CPU.Build.0 = Debug|Any CPU
		{95E61B46-2E2A-4436-B434-7A84111624C7}.Debug|x64.ActiveCfg = Debug|Any CPU
		{95E61B46-2E2A-4436-B434-7A84111624C7}.Debug|x64.Build.0 = Debug|Any CPU
		{95E61B46-2E2A-4436-B434-7A84111624C7}.Debug|x86.ActiveCfg = Debug|Any CPU
		{95E61B46-2E2A-4436-B434-7A84111624C7}.Debug|x86.Build.0 = Debug|Any CPU
		{95E61B46-2E2A-4436-B434-7A84111624C7}.Release|Any CPU.ActiveCfg = Release|Any CPU
		{95E61B46-2E2A-4436-B434-7A84111624C7}.Release|Any CPU.Build.0 = Release|Any CPU
		{95E61B46-2E2A-4436-B434-7A84111624C7}.Release|x64.ActiveCfg = Release|Any CPU
		{95E61B46-2E2A-4436-B434-7A84111624C7}.Release|x64.Build.0 = Release|Any CPU
		{95E61B46-2E2A-4436-B434-7A84111624C7}.Release|x86.ActiveCfg = Release|Any CPU
		{95E61B46-2E2A-4436-B434-7A84111624C7}.Release|x86.Build.0 = Release|Any CPU
		{F0CE6007-D173-4F32-8EAA-CBE540921F1D}.Debug|Any CPU.ActiveCfg = Debug|Any CPU
		{F0CE6007-D173-4F32-8EAA-CBE540921F1D}.Debug|Any CPU.Build.0 = Debug|Any CPU
		{F0CE6007-D173-4F32-8EAA-CBE540921F1D}.Debug|x64.ActiveCfg = Debug|Any CPU
		{F0CE6007-D173-4F32-8EAA-CBE540921F1D}.Debug|x64.Build.0 = Debug|Any CPU
		{F0CE6007-D173-4F32-8EAA-CBE540921F1D}.Debug|x86.ActiveCfg = Debug|Any CPU
		{F0CE6007-D173-4F32-8EAA-CBE540921F1D}.Debug|x86.Build.0 = Debug|Any CPU
		{F0CE6007-D173-4F32-8EAA-CBE540921F1D}.Release|Any CPU.ActiveCfg = Release|Any CPU
		{F0CE6007-D173-4F32-8EAA-CBE540921F1D}.Release|Any CPU.Build.0 = Release|Any CPU
		{F0CE6007-D173-4F32-8EAA-CBE540921F1D}.Release|x64.ActiveCfg = Release|Any CPU
		{F0CE6007-D173-4F32-8EAA-CBE540921F1D}.Release|x64.Build.0 = Release|Any CPU
		{F0CE6007-D173-4F32-8EAA-CBE540921F1D}.Release|x86.ActiveCfg = Release|Any CPU
		{F0CE6007-D173-4F32-8EAA-CBE540921F1D}.Release|x86.Build.0 = Release|Any CPU
		{FE1A9C6F-D4AF-41F4-831F-C5FA58F4CA4F}.Debug|Any CPU.ActiveCfg = Debug|Any CPU
		{FE1A9C6F-D4AF-41F4-831F-C5FA58F4CA4F}.Debug|Any CPU.Build.0 = Debug|Any CPU
		{FE1A9C6F-D4AF-41F4-831F-C5FA58F4CA4F}.Debug|x64.ActiveCfg = Debug|Any CPU
		{FE1A9C6F-D4AF-41F4-831F-C5FA58F4CA4F}.Debug|x64.Build.0 = Debug|Any CPU
		{FE1A9C6F-D4AF-41F4-831F-C5FA58F4CA4F}.Debug|x86.ActiveCfg = Debug|Any CPU
		{FE1A9C6F-D4AF-41F4-831F-C5FA58F4CA4F}.Debug|x86.Build.0 = Debug|Any CPU
		{FE1A9C6F-D4AF-41F4-831F-C5FA58F4CA4F}.Release|Any CPU.ActiveCfg = Release|Any CPU
		{FE1A9C6F-D4AF-41F4-831F-C5FA58F4CA4F}.Release|Any CPU.Build.0 = Release|Any CPU
		{FE1A9C6F-D4AF-41F4-831F-C5FA58F4CA4F}.Release|x64.ActiveCfg = Release|Any CPU
		{FE1A9C6F-D4AF-41F4-831F-C5FA58F4CA4F}.Release|x64.Build.0 = Release|Any CPU
		{FE1A9C6F-D4AF-41F4-831F-C5FA58F4CA4F}.Release|x86.ActiveCfg = Release|Any CPU
		{FE1A9C6F-D4AF-41F4-831F-C5FA58F4CA4F}.Release|x86.Build.0 = Release|Any CPU
		{0AF5D57F-D621-4F4C-9B1E-948BBAA288F7}.Debug|Any CPU.ActiveCfg = Debug|Any CPU
		{0AF5D57F-D621-4F4C-9B1E-948BBAA288F7}.Debug|Any CPU.Build.0 = Debug|Any CPU
		{0AF5D57F-D621-4F4C-9B1E-948BBAA288F7}.Debug|x64.ActiveCfg = Debug|Any CPU
		{0AF5D57F-D621-4F4C-9B1E-948BBAA288F7}.Debug|x64.Build.0 = Debug|Any CPU
		{0AF5D57F-D621-4F4C-9B1E-948BBAA288F7}.Debug|x86.ActiveCfg = Debug|Any CPU
		{0AF5D57F-D621-4F4C-9B1E-948BBAA288F7}.Debug|x86.Build.0 = Debug|Any CPU
		{0AF5D57F-D621-4F4C-9B1E-948BBAA288F7}.Release|Any CPU.ActiveCfg = Release|Any CPU
		{0AF5D57F-D621-4F4C-9B1E-948BBAA288F7}.Release|Any CPU.Build.0 = Release|Any CPU
		{0AF5D57F-D621-4F4C-9B1E-948BBAA288F7}.Release|x64.ActiveCfg = Release|Any CPU
		{0AF5D57F-D621-4F4C-9B1E-948BBAA288F7}.Release|x64.Build.0 = Release|Any CPU
		{0AF5D57F-D621-4F4C-9B1E-948BBAA288F7}.Release|x86.ActiveCfg = Release|Any CPU
		{0AF5D57F-D621-4F4C-9B1E-948BBAA288F7}.Release|x86.Build.0 = Release|Any CPU
		{332850E7-94A5-4076-B8B9-935ABDE4378C}.Debug|Any CPU.ActiveCfg = Debug|Any CPU
		{332850E7-94A5-4076-B8B9-935ABDE4378C}.Debug|Any CPU.Build.0 = Debug|Any CPU
		{332850E7-94A5-4076-B8B9-935ABDE4378C}.Debug|x64.ActiveCfg = Debug|Any CPU
		{332850E7-94A5-4076-B8B9-935ABDE4378C}.Debug|x64.Build.0 = Debug|Any CPU
		{332850E7-94A5-4076-B8B9-935ABDE4378C}.Debug|x86.ActiveCfg = Debug|Any CPU
		{332850E7-94A5-4076-B8B9-935ABDE4378C}.Debug|x86.Build.0 = Debug|Any CPU
		{332850E7-94A5-4076-B8B9-935ABDE4378C}.Release|Any CPU.ActiveCfg = Release|Any CPU
		{332850E7-94A5-4076-B8B9-935ABDE4378C}.Release|Any CPU.Build.0 = Release|Any CPU
		{332850E7-94A5-4076-B8B9-935ABDE4378C}.Release|x64.ActiveCfg = Release|Any CPU
		{332850E7-94A5-4076-B8B9-935ABDE4378C}.Release|x64.Build.0 = Release|Any CPU
		{332850E7-94A5-4076-B8B9-935ABDE4378C}.Release|x86.ActiveCfg = Release|Any CPU
		{332850E7-94A5-4076-B8B9-935ABDE4378C}.Release|x86.Build.0 = Release|Any CPU
		{999D3E89-0442-4CAE-A2A8-6E9489DD77C0}.Debug|Any CPU.ActiveCfg = Debug|Any CPU
		{999D3E89-0442-4CAE-A2A8-6E9489DD77C0}.Debug|Any CPU.Build.0 = Debug|Any CPU
		{999D3E89-0442-4CAE-A2A8-6E9489DD77C0}.Debug|x64.ActiveCfg = Debug|Any CPU
		{999D3E89-0442-4CAE-A2A8-6E9489DD77C0}.Debug|x64.Build.0 = Debug|Any CPU
		{999D3E89-0442-4CAE-A2A8-6E9489DD77C0}.Debug|x86.ActiveCfg = Debug|Any CPU
		{999D3E89-0442-4CAE-A2A8-6E9489DD77C0}.Debug|x86.Build.0 = Debug|Any CPU
		{999D3E89-0442-4CAE-A2A8-6E9489DD77C0}.Release|Any CPU.ActiveCfg = Release|Any CPU
		{999D3E89-0442-4CAE-A2A8-6E9489DD77C0}.Release|Any CPU.Build.0 = Release|Any CPU
		{999D3E89-0442-4CAE-A2A8-6E9489DD77C0}.Release|x64.ActiveCfg = Release|Any CPU
		{999D3E89-0442-4CAE-A2A8-6E9489DD77C0}.Release|x64.Build.0 = Release|Any CPU
		{999D3E89-0442-4CAE-A2A8-6E9489DD77C0}.Release|x86.ActiveCfg = Release|Any CPU
		{999D3E89-0442-4CAE-A2A8-6E9489DD77C0}.Release|x86.Build.0 = Release|Any CPU
		{D2813C16-0813-45F9-B00F-796C3D8A79F6}.Debug|Any CPU.ActiveCfg = Debug|Any CPU
		{D2813C16-0813-45F9-B00F-796C3D8A79F6}.Debug|Any CPU.Build.0 = Debug|Any CPU
		{D2813C16-0813-45F9-B00F-796C3D8A79F6}.Debug|x64.ActiveCfg = Debug|Any CPU
		{D2813C16-0813-45F9-B00F-796C3D8A79F6}.Debug|x64.Build.0 = Debug|Any CPU
		{D2813C16-0813-45F9-B00F-796C3D8A79F6}.Debug|x86.ActiveCfg = Debug|Any CPU
		{D2813C16-0813-45F9-B00F-796C3D8A79F6}.Debug|x86.Build.0 = Debug|Any CPU
		{D2813C16-0813-45F9-B00F-796C3D8A79F6}.Release|Any CPU.ActiveCfg = Release|Any CPU
		{D2813C16-0813-45F9-B00F-796C3D8A79F6}.Release|Any CPU.Build.0 = Release|Any CPU
		{D2813C16-0813-45F9-B00F-796C3D8A79F6}.Release|x64.ActiveCfg = Release|Any CPU
		{D2813C16-0813-45F9-B00F-796C3D8A79F6}.Release|x64.Build.0 = Release|Any CPU
		{D2813C16-0813-45F9-B00F-796C3D8A79F6}.Release|x86.ActiveCfg = Release|Any CPU
		{D2813C16-0813-45F9-B00F-796C3D8A79F6}.Release|x86.Build.0 = Release|Any CPU
		{DC12BEE2-E1B6-4DCF-ABF9-4948D4502EA4}.Debug|Any CPU.ActiveCfg = Debug|Any CPU
		{DC12BEE2-E1B6-4DCF-ABF9-4948D4502EA4}.Debug|Any CPU.Build.0 = Debug|Any CPU
		{DC12BEE2-E1B6-4DCF-ABF9-4948D4502EA4}.Debug|x64.ActiveCfg = Debug|Any CPU
		{DC12BEE2-E1B6-4DCF-ABF9-4948D4502EA4}.Debug|x64.Build.0 = Debug|Any CPU
		{DC12BEE2-E1B6-4DCF-ABF9-4948D4502EA4}.Debug|x86.ActiveCfg = Debug|Any CPU
		{DC12BEE2-E1B6-4DCF-ABF9-4948D4502EA4}.Debug|x86.Build.0 = Debug|Any CPU
		{DC12BEE2-E1B6-4DCF-ABF9-4948D4502EA4}.Release|Any CPU.ActiveCfg = Release|Any CPU
		{DC12BEE2-E1B6-4DCF-ABF9-4948D4502EA4}.Release|Any CPU.Build.0 = Release|Any CPU
		{DC12BEE2-E1B6-4DCF-ABF9-4948D4502EA4}.Release|x64.ActiveCfg = Release|Any CPU
		{DC12BEE2-E1B6-4DCF-ABF9-4948D4502EA4}.Release|x64.Build.0 = Release|Any CPU
		{DC12BEE2-E1B6-4DCF-ABF9-4948D4502EA4}.Release|x86.ActiveCfg = Release|Any CPU
		{DC12BEE2-E1B6-4DCF-ABF9-4948D4502EA4}.Release|x86.Build.0 = Release|Any CPU
		{64E1DD3D-CBA0-4D86-A34B-511B833E3035}.Debug|Any CPU.ActiveCfg = Debug|Any CPU
		{64E1DD3D-CBA0-4D86-A34B-511B833E3035}.Debug|Any CPU.Build.0 = Debug|Any CPU
		{64E1DD3D-CBA0-4D86-A34B-511B833E3035}.Debug|x64.ActiveCfg = Debug|Any CPU
		{64E1DD3D-CBA0-4D86-A34B-511B833E3035}.Debug|x64.Build.0 = Debug|Any CPU
		{64E1DD3D-CBA0-4D86-A34B-511B833E3035}.Debug|x86.ActiveCfg = Debug|Any CPU
		{64E1DD3D-CBA0-4D86-A34B-511B833E3035}.Debug|x86.Build.0 = Debug|Any CPU
		{64E1DD3D-CBA0-4D86-A34B-511B833E3035}.Release|Any CPU.ActiveCfg = Release|Any CPU
		{64E1DD3D-CBA0-4D86-A34B-511B833E3035}.Release|Any CPU.Build.0 = Release|Any CPU
		{64E1DD3D-CBA0-4D86-A34B-511B833E3035}.Release|x64.ActiveCfg = Release|Any CPU
		{64E1DD3D-CBA0-4D86-A34B-511B833E3035}.Release|x64.Build.0 = Release|Any CPU
		{64E1DD3D-CBA0-4D86-A34B-511B833E3035}.Release|x86.ActiveCfg = Release|Any CPU
		{64E1DD3D-CBA0-4D86-A34B-511B833E3035}.Release|x86.Build.0 = Release|Any CPU
		{DC29A364-7D79-41B7-9CBC-4BBC40AA9E76}.Debug|Any CPU.ActiveCfg = Debug|Any CPU
		{DC29A364-7D79-41B7-9CBC-4BBC40AA9E76}.Debug|Any CPU.Build.0 = Debug|Any CPU
		{DC29A364-7D79-41B7-9CBC-4BBC40AA9E76}.Debug|x64.ActiveCfg = Debug|Any CPU
		{DC29A364-7D79-41B7-9CBC-4BBC40AA9E76}.Debug|x64.Build.0 = Debug|Any CPU
		{DC29A364-7D79-41B7-9CBC-4BBC40AA9E76}.Debug|x86.ActiveCfg = Debug|Any CPU
		{DC29A364-7D79-41B7-9CBC-4BBC40AA9E76}.Debug|x86.Build.0 = Debug|Any CPU
		{DC29A364-7D79-41B7-9CBC-4BBC40AA9E76}.Release|Any CPU.ActiveCfg = Release|Any CPU
		{DC29A364-7D79-41B7-9CBC-4BBC40AA9E76}.Release|Any CPU.Build.0 = Release|Any CPU
		{DC29A364-7D79-41B7-9CBC-4BBC40AA9E76}.Release|x64.ActiveCfg = Release|Any CPU
		{DC29A364-7D79-41B7-9CBC-4BBC40AA9E76}.Release|x64.Build.0 = Release|Any CPU
		{DC29A364-7D79-41B7-9CBC-4BBC40AA9E76}.Release|x86.ActiveCfg = Release|Any CPU
		{DC29A364-7D79-41B7-9CBC-4BBC40AA9E76}.Release|x86.Build.0 = Release|Any CPU
		{ECD95502-C71D-4D0B-9EB8-CE51278AB5C4}.Debug|Any CPU.ActiveCfg = Debug|Any CPU
		{ECD95502-C71D-4D0B-9EB8-CE51278AB5C4}.Debug|Any CPU.Build.0 = Debug|Any CPU
		{ECD95502-C71D-4D0B-9EB8-CE51278AB5C4}.Debug|x64.ActiveCfg = Debug|Any CPU
		{ECD95502-C71D-4D0B-9EB8-CE51278AB5C4}.Debug|x64.Build.0 = Debug|Any CPU
		{ECD95502-C71D-4D0B-9EB8-CE51278AB5C4}.Debug|x86.ActiveCfg = Debug|Any CPU
		{ECD95502-C71D-4D0B-9EB8-CE51278AB5C4}.Debug|x86.Build.0 = Debug|Any CPU
		{ECD95502-C71D-4D0B-9EB8-CE51278AB5C4}.Release|Any CPU.ActiveCfg = Release|Any CPU
		{ECD95502-C71D-4D0B-9EB8-CE51278AB5C4}.Release|Any CPU.Build.0 = Release|Any CPU
		{ECD95502-C71D-4D0B-9EB8-CE51278AB5C4}.Release|x64.ActiveCfg = Release|Any CPU
		{ECD95502-C71D-4D0B-9EB8-CE51278AB5C4}.Release|x64.Build.0 = Release|Any CPU
		{ECD95502-C71D-4D0B-9EB8-CE51278AB5C4}.Release|x86.ActiveCfg = Release|Any CPU
		{ECD95502-C71D-4D0B-9EB8-CE51278AB5C4}.Release|x86.Build.0 = Release|Any CPU
		{D94B1639-9C84-4601-ABE3-7C063BF4F214}.Debug|Any CPU.ActiveCfg = Debug|Any CPU
		{D94B1639-9C84-4601-ABE3-7C063BF4F214}.Debug|Any CPU.Build.0 = Debug|Any CPU
		{D94B1639-9C84-4601-ABE3-7C063BF4F214}.Debug|x64.ActiveCfg = Debug|Any CPU
		{D94B1639-9C84-4601-ABE3-7C063BF4F214}.Debug|x64.Build.0 = Debug|Any CPU
		{D94B1639-9C84-4601-ABE3-7C063BF4F214}.Debug|x86.ActiveCfg = Debug|Any CPU
		{D94B1639-9C84-4601-ABE3-7C063BF4F214}.Debug|x86.Build.0 = Debug|Any CPU
		{D94B1639-9C84-4601-ABE3-7C063BF4F214}.Release|Any CPU.ActiveCfg = Release|Any CPU
		{D94B1639-9C84-4601-ABE3-7C063BF4F214}.Release|Any CPU.Build.0 = Release|Any CPU
		{D94B1639-9C84-4601-ABE3-7C063BF4F214}.Release|x64.ActiveCfg = Release|Any CPU
		{D94B1639-9C84-4601-ABE3-7C063BF4F214}.Release|x64.Build.0 = Release|Any CPU
		{D94B1639-9C84-4601-ABE3-7C063BF4F214}.Release|x86.ActiveCfg = Release|Any CPU
		{D94B1639-9C84-4601-ABE3-7C063BF4F214}.Release|x86.Build.0 = Release|Any CPU
	EndGlobalSection
	GlobalSection(SolutionProperties) = preSolution
		HideSolutionNode = FALSE
	EndGlobalSection
	GlobalSection(NestedProjects) = preSolution
		{D0CDFE33-4374-4D31-86E0-C45E2D1768E0} = {827E0CD3-B72D-47B6-A68D-7590B98EB39B}
		{5A7F3E02-6C29-42AF-88F2-47C151A1DD58} = {827E0CD3-B72D-47B6-A68D-7590B98EB39B}
		{74F58E1D-7194-4C26-9E6A-1A79458E4C09} = {827E0CD3-B72D-47B6-A68D-7590B98EB39B}
		{00BD81FB-2C8A-449D-8E46-D3689611DCFB} = {827E0CD3-B72D-47B6-A68D-7590B98EB39B}
		{C13DA0A6-E2C7-47C5-A04F-F6EE60FA1A23} = {827E0CD3-B72D-47B6-A68D-7590B98EB39B}
		{5A49989F-1934-49E5-BCC5-D1A91BABF8C4} = {827E0CD3-B72D-47B6-A68D-7590B98EB39B}
		{DE20A3F8-3FCD-4B5D-AB5A-3A83F1A121CE} = {827E0CD3-B72D-47B6-A68D-7590B98EB39B}
		{6BEE30F6-F82B-4416-99B7-D3ED9AA4F56F} = {827E0CD3-B72D-47B6-A68D-7590B98EB39B}
		{4C84BB75-A40F-473F-9793-FB588D82A259} = {827E0CD3-B72D-47B6-A68D-7590B98EB39B}
		{A5E66251-81EA-442E-8C1E-17C292CB7F2F} = {0AB3BF05-4346-4AA6-1389-037BE0695223}
		{522FE43D-B949-4634-817D-A4188A58FD2A} = {0AB3BF05-4346-4AA6-1389-037BE0695223}
		{95E61B46-2E2A-4436-B434-7A84111624C7} = {0AB3BF05-4346-4AA6-1389-037BE0695223}
		{F0CE6007-D173-4F32-8EAA-CBE540921F1D} = {0AB3BF05-4346-4AA6-1389-037BE0695223}
		{FE1A9C6F-D4AF-41F4-831F-C5FA58F4CA4F} = {0AB3BF05-4346-4AA6-1389-037BE0695223}
		{0AF5D57F-D621-4F4C-9B1E-948BBAA288F7} = {0AB3BF05-4346-4AA6-1389-037BE0695223}
		{332850E7-94A5-4076-B8B9-935ABDE4378C} = {0AB3BF05-4346-4AA6-1389-037BE0695223}
		{999D3E89-0442-4CAE-A2A8-6E9489DD77C0} = {0AB3BF05-4346-4AA6-1389-037BE0695223}
		{D2813C16-0813-45F9-B00F-796C3D8A79F6} = {0AB3BF05-4346-4AA6-1389-037BE0695223}
		{DC12BEE2-E1B6-4DCF-ABF9-4948D4502EA4} = {827E0CD3-B72D-47B6-A68D-7590B98EB39B}
		{64E1DD3D-CBA0-4D86-A34B-511B833E3035} = {827E0CD3-B72D-47B6-A68D-7590B98EB39B}
		{DC29A364-7D79-41B7-9CBC-4BBC40AA9E76} = {827E0CD3-B72D-47B6-A68D-7590B98EB39B}
		{ECD95502-C71D-4D0B-9EB8-CE51278AB5C4} = {827E0CD3-B72D-47B6-A68D-7590B98EB39B}
		{D94B1639-9C84-4601-ABE3-7C063BF4F214} = {827E0CD3-B72D-47B6-A68D-7590B98EB39B}
	EndGlobalSection
EndGlobal
